
Microsoft Visual Studio Solution File, Format Version 12.00
# Visual Studio Version 17
VisualStudioVersion = 17.9.34723.18
MinimumVisualStudioVersion = 10.0.40219.1
Project("{9A19103F-16F7-4668-BE54-9A1E7A4F7556}") = "PetShelter", "PetShelter.csproj", "{F5688C6A-C3F1-40E1-A170-E8BAF1F5448E}"
EndProject
Project("{9A19103F-16F7-4668-BE54-9A1E7A4F7556}") = "PetShelter.Shared", "..\PetShelter.Shared\PetShelter.Shared.csproj", "{EC260B12-1EA9-44C7-B50D-4D41228E9237}"
EndProject
Project("{9A19103F-16F7-4668-BE54-9A1E7A4F7556}") = "PetShelter.Data", "..\PetShelter.Data\PetShelter.Data.csproj", "{6F29AAE0-C84C-4B33-9399-B9B1BD534DE1}"
EndProject
Project("{FAE04EC0-301F-11D3-BF4B-00C04F79EFBC}") = "PetShelter.Service", "..\PetShelter.Service\PetShelter.Service.csproj", "{88D63E29-E24E-4350-91A5-2959A430444B}"
EndProject
Global
	GlobalSection(SolutionConfigurationPlatforms) = preSolution
		Debug|Any CPU = Debug|Any CPU
		Release|Any CPU = Release|Any CPU
	EndGlobalSection
	GlobalSection(ProjectConfigurationPlatforms) = postSolution
		{F5688C6A-C3F1-40E1-A170-E8BAF1F5448E}.Debug|Any CPU.ActiveCfg = Debug|Any CPU
		{F5688C6A-C3F1-40E1-A170-E8BAF1F5448E}.Debug|Any CPU.Build.0 = Debug|Any CPU
		{F5688C6A-C3F1-40E1-A170-E8BAF1F5448E}.Release|Any CPU.ActiveCfg = Release|Any CPU
		{F5688C6A-C3F1-40E1-A170-E8BAF1F5448E}.Release|Any CPU.Build.0 = Release|Any CPU
		{EC260B12-1EA9-44C7-B50D-4D41228E9237}.Debug|Any CPU.ActiveCfg = Debug|Any CPU
		{EC260B12-1EA9-44C7-B50D-4D41228E9237}.Debug|Any CPU.Build.0 = Debug|Any CPU
		{EC260B12-1EA9-44C7-B50D-4D41228E9237}.Release|Any CPU.ActiveCfg = Release|Any CPU
		{EC260B12-1EA9-44C7-B50D-4D41228E9237}.Release|Any CPU.Build.0 = Release|Any CPU
		{6F29AAE0-C84C-4B33-9399-B9B1BD534DE1}.Debug|Any CPU.ActiveCfg = Debug|Any CPU
		{6F29AAE0-C84C-4B33-9399-B9B1BD534DE1}.Debug|Any CPU.Build.0 = Debug|Any CPU
		{6F29AAE0-C84C-4B33-9399-B9B1BD534DE1}.Release|Any CPU.ActiveCfg = Release|Any CPU
		{6F29AAE0-C84C-4B33-9399-B9B1BD534DE1}.Release|Any CPU.Build.0 = Release|Any CPU
		{88D63E29-E24E-4350-91A5-2959A430444B}.Debug|Any CPU.ActiveCfg = Debug|Any CPU
		{88D63E29-E24E-4350-91A5-2959A430444B}.Debug|Any CPU.Build.0 = Debug|Any CPU
		{88D63E29-E24E-4350-91A5-2959A430444B}.Release|Any CPU.ActiveCfg = Release|Any CPU
		{88D63E29-E24E-4350-91A5-2959A430444B}.Release|Any CPU.Build.0 = Release|Any CPU
	EndGlobalSection
	GlobalSection(SolutionProperties) = preSolution
		HideSolutionNode = FALSE
	EndGlobalSection
	GlobalSection(ExtensibilityGlobals) = postSolution
		SolutionGuid = {F5CF3241-265A-460C-905A-90CF7DE83165}
	EndGlobalSection
EndGlobal
